
Microsoft Visual Studio Solution File, Format Version 12.00
# Visual Studio 14
VisualStudioVersion = 14.0.25420.1
MinimumVisualStudioVersion = 10.0.40219.1
Project("{8BC9CEB8-8B4A-11D0-8D11-00A0C91BC942}") = "mandelbrot", "mandelbrot\mandelbrot.vcxproj", "{379FBCA8-EA81-463E-AB25-32E3B0A9A0DC}"
EndProject
Global
	GlobalSection(SolutionConfigurationPlatforms) = preSolution
		Debug|Win32 = Debug|Win32
		Release|Win32 = Release|Win32
	EndGlobalSection
	GlobalSection(ProjectConfigurationPlatforms) = postSolution
		{379FBCA8-EA81-463E-AB25-32E3B0A9A0DC}.Debug|Win32.ActiveCfg = Debug|Win32
		{379FBCA8-EA81-463E-AB25-32E3B0A9A0DC}.Debug|Win32.Build.0 = Debug|Win32
		{379FBCA8-EA81-463E-AB25-32E3B0A9A0DC}.Release|Win32.ActiveCfg = Release|Win32
		{379FBCA8-EA81-463E-AB25-32E3B0A9A0DC}.Release|Win32.Build.0 = Release|Win32
	EndGlobalSection
	GlobalSection(SolutionProperties) = preSolution
		HideSolutionNode = FALSE
	EndGlobalSection
EndGlobal
